
Microsoft Visual Studio Solution File, Format Version 12.00
# Visual Studio Version 16
VisualStudioVersion = 16.0.29025.244
MinimumVisualStudioVersion = 10.0.40219.1
Project("{FAE04EC0-301F-11D3-BF4B-00C04F79EFBC}") = "Multiply", "Multiply\Multiply.csproj", "{C30023BE-D051-49D0-85A3-4B09C3D0A0BF}"
EndProject
Global
	GlobalSection(SolutionConfigurationPlatforms) = preSolution
		Debug|Any CPU = Debug|Any CPU
		Release|Any CPU = Release|Any CPU
	EndGlobalSection
	GlobalSection(ProjectConfigurationPlatforms) = postSolution
		{C30023BE-D051-49D0-85A3-4B09C3D0A0BF}.Debug|Any CPU.ActiveCfg = Debug|Any CPU
		{C30023BE-D051-49D0-85A3-4B09C3D0A0BF}.Debug|Any CPU.Build.0 = Debug|Any CPU
		{C30023BE-D051-49D0-85A3-4B09C3D0A0BF}.Release|Any CPU.ActiveCfg = Release|Any CPU
		{C30023BE-D051-49D0-85A3-4B09C3D0A0BF}.Release|Any CPU.Build.0 = Release|Any CPU
	EndGlobalSection
	GlobalSection(SolutionProperties) = preSolution
		HideSolutionNode = FALSE
	EndGlobalSection
	GlobalSection(ExtensibilityGlobals) = postSolution
		SolutionGuid = {862CA3EC-3119-454F-91A9-1F793B6677BE}
	EndGlobalSection
EndGlobal
